
Microsoft Visual Studio Solution File, Format Version 12.00
# Visual Studio Version 17
VisualStudioVersion = 17.7.34031.279
MinimumVisualStudioVersion = 10.0.40219.1
Project("{FAE04EC0-301F-11D3-BF4B-00C04F79EFBC}") = "DVL Project", "DVL Project.csproj", "{965BCD69-8E48-4C76-8DDE-1E7D1D9F497C}"
EndProject
Project("{FAE04EC0-301F-11D3-BF4B-00C04F79EFBC}") = "DVLDBusinessLayer", "..\DrivingBusinessLayer\DVLDBusinessLayer.csproj", "{173B4C18-B753-4CD5-A962-7FA8F334D14B}"
EndProject
Project("{FAE04EC0-301F-11D3-BF4B-00C04F79EFBC}") = "DVLDDataAccessLayer", "..\DrivingDataAccess\DVLDDataAccessLayer.csproj", "{0D93D141-096A-4624-9056-6E6F998D4BEF}"
EndProject
Global
	GlobalSection(SolutionConfigurationPlatforms) = preSolution
		Debug|Any CPU = Debug|Any CPU
		Release|Any CPU = Release|Any CPU
	EndGlobalSection
	GlobalSection(ProjectConfigurationPlatforms) = postSolution
		{965BCD69-8E48-4C76-8DDE-1E7D1D9F497C}.Debug|Any CPU.ActiveCfg = Debug|Any CPU
		{965BCD69-8E48-4C76-8DDE-1E7D1D9F497C}.Debug|Any CPU.Build.0 = Debug|Any CPU
		{965BCD69-8E48-4C76-8DDE-1E7D1D9F497C}.Release|Any CPU.ActiveCfg = Release|Any CPU
		{965BCD69-8E48-4C76-8DDE-1E7D1D9F497C}.Release|Any CPU.Build.0 = Release|Any CPU
		{173B4C18-B753-4CD5-A962-7FA8F334D14B}.Debug|Any CPU.ActiveCfg = Debug|Any CPU
		{173B4C18-B753-4CD5-A962-7FA8F334D14B}.Debug|Any CPU.Build.0 = Debug|Any CPU
		{173B4C18-B753-4CD5-A962-7FA8F334D14B}.Release|Any CPU.ActiveCfg = Release|Any CPU
		{173B4C18-B753-4CD5-A962-7FA8F334D14B}.Release|Any CPU.Build.0 = Release|Any CPU
		{0D93D141-096A-4624-9056-6E6F998D4BEF}.Debug|Any CPU.ActiveCfg = Debug|Any CPU
		{0D93D141-096A-4624-9056-6E6F998D4BEF}.Debug|Any CPU.Build.0 = Debug|Any CPU
		{0D93D141-096A-4624-9056-6E6F998D4BEF}.Release|Any CPU.ActiveCfg = Release|Any CPU
		{0D93D141-096A-4624-9056-6E6F998D4BEF}.Release|Any CPU.Build.0 = Release|Any CPU
	EndGlobalSection
	GlobalSection(SolutionProperties) = preSolution
		HideSolutionNode = FALSE
	EndGlobalSection
	GlobalSection(ExtensibilityGlobals) = postSolution
		SolutionGuid = {565837E4-59E3-4A5B-8C60-046FE3E0FD11}
	EndGlobalSection
EndGlobal
